
Microsoft Visual Studio Solution File, Format Version 12.00
# Visual Studio 15
VisualStudioVersion = 15.0.27703.2035
MinimumVisualStudioVersion = 10.0.40219.1
Project("{FAE04EC0-301F-11D3-BF4B-00C04F79EFBC}") = "ParameterWriter", "ParameterWriter\ParameterWriter.csproj", "{7287E4CD-867B-4596-827B-5DE0730A5714}"
EndProject
Global
	GlobalSection(SolutionConfigurationPlatforms) = preSolution
		Debug|Any CPU = Debug|Any CPU
		Release|Any CPU = Release|Any CPU
	EndGlobalSection
	GlobalSection(ProjectConfigurationPlatforms) = postSolution
		{7287E4CD-867B-4596-827B-5DE0730A5714}.Debug|Any CPU.ActiveCfg = Debug|Any CPU
		{7287E4CD-867B-4596-827B-5DE0730A5714}.Debug|Any CPU.Build.0 = Debug|Any CPU
		{7287E4CD-867B-4596-827B-5DE0730A5714}.Release|Any CPU.ActiveCfg = Release|Any CPU
		{7287E4CD-867B-4596-827B-5DE0730A5714}.Release|Any CPU.Build.0 = Release|Any CPU
	EndGlobalSection
	GlobalSection(SolutionProperties) = preSolution
		HideSolutionNode = FALSE
	EndGlobalSection
	GlobalSection(ExtensibilityGlobals) = postSolution
		SolutionGuid = {0E3EA960-6FD9-455F-A657-318E3870CC22}
	EndGlobalSection
EndGlobal
